
Microsoft Visual Studio Solution File, Format Version 12.00
# Visual Studio Version 17
VisualStudioVersion = 17.8.34525.116
MinimumVisualStudioVersion = 10.0.40219.1
Project("{FAE04EC0-301F-11D3-BF4B-00C04F79EFBC}") = "ConsoleApp10", "ConsoleApp10.csproj", "{D99653DB-93A6-4794-A2E3-029F5C07F176}"
EndProject
Global
	GlobalSection(SolutionConfigurationPlatforms) = preSolution
		Debug|Any CPU = Debug|Any CPU
		Release|Any CPU = Release|Any CPU
	EndGlobalSection
	GlobalSection(ProjectConfigurationPlatforms) = postSolution
		{D99653DB-93A6-4794-A2E3-029F5C07F176}.Debug|Any CPU.ActiveCfg = Debug|Any CPU
		{D99653DB-93A6-4794-A2E3-029F5C07F176}.Debug|Any CPU.Build.0 = Debug|Any CPU
		{D99653DB-93A6-4794-A2E3-029F5C07F176}.Release|Any CPU.ActiveCfg = Release|Any CPU
		{D99653DB-93A6-4794-A2E3-029F5C07F176}.Release|Any CPU.Build.0 = Release|Any CPU
	EndGlobalSection
	GlobalSection(SolutionProperties) = preSolution
		HideSolutionNode = FALSE
	EndGlobalSection
	GlobalSection(ExtensibilityGlobals) = postSolution
		SolutionGuid = {9DD230A3-55A7-446C-8CEC-2F1C22B2B8B7}
	EndGlobalSection
EndGlobal
